
Microsoft Visual Studio Solution File, Format Version 12.00
# Visual Studio 2013
VisualStudioVersion = 12.0.30110.0
MinimumVisualStudioVersion = 10.0.40219.1
Project("{FAE04EC0-301F-11D3-BF4B-00C04F79EFBC}") = "jQuery.BootStrap.FontAwesome", "jQuery.BootStrap.FontAwesome\jQuery.BootStrap.FontAwesome.csproj", "{F7E2887D-75D4-479C-B5BA-5D99BF7F05A2}"
EndProject
Project("{2150E333-8FDC-42A3-9474-1A3956D46DE8}") = "Nuget", "Nuget", "{4B50A16A-68F6-416B-AAB0-11AF72E0928E}"
	ProjectSection(SolutionItems) = preProject
		jQuery.BootStrap.FontAwesome.nuspec = jQuery.BootStrap.FontAwesome.nuspec
		Make.bat = Make.bat
		Nuget.MSBuild = Nuget.MSBuild
	EndProjectSection
EndProject
Global
	GlobalSection(SolutionConfigurationPlatforms) = preSolution
		Debug|Any CPU = Debug|Any CPU
		Release|Any CPU = Release|Any CPU
	EndGlobalSection
	GlobalSection(ProjectConfigurationPlatforms) = postSolution
		{F7E2887D-75D4-479C-B5BA-5D99BF7F05A2}.Debug|Any CPU.ActiveCfg = Debug|Any CPU
		{F7E2887D-75D4-479C-B5BA-5D99BF7F05A2}.Debug|Any CPU.Build.0 = Debug|Any CPU
		{F7E2887D-75D4-479C-B5BA-5D99BF7F05A2}.Release|Any CPU.ActiveCfg = Release|Any CPU
		{F7E2887D-75D4-479C-B5BA-5D99BF7F05A2}.Release|Any CPU.Build.0 = Release|Any CPU
	EndGlobalSection
	GlobalSection(SolutionProperties) = preSolution
		HideSolutionNode = FALSE
	EndGlobalSection
EndGlobal
