
Microsoft Visual Studio Solution File, Format Version 12.00
# Visual Studio 2013
VisualStudioVersion = 12.0.30110.0
MinimumVisualStudioVersion = 10.0.40219.1
Project("{2150E333-8FDC-42A3-9474-1A3956D46DE8}") = "BuildFiles", "BuildFiles", "{BD4B2114-31A7-411B-A30C-C1954994B2F2}"
	ProjectSection(SolutionItems) = preProject
		build.MSBuild = build.MSBuild
		make.bat = make.bat
		publish.bat = publish.bat
		Twitter.Bootstrap.Bootswatch.nuspec = Twitter.Bootstrap.Bootswatch.nuspec
	EndProjectSection
EndProject
Global
	GlobalSection(SolutionProperties) = preSolution
		HideSolutionNode = FALSE
	EndGlobalSection
EndGlobal
